
Microsoft Visual Studio Solution File, Format Version 12.00
# Visual Studio Version 16
VisualStudioVersion = 16.0.30804.86
MinimumVisualStudioVersion = 10.0.40219.1
Project("{9A19103F-16F7-4668-BE54-9A1E7A4F7556}") = "BookListRazor", "BookListRazor\BookListRazor.csproj", "{FB966668-EA27-49B6-B59F-9FF1B86769A2}"
EndProject
Global
	GlobalSection(SolutionConfigurationPlatforms) = preSolution
		Debug|Any CPU = Debug|Any CPU
		Release|Any CPU = Release|Any CPU
	EndGlobalSection
	GlobalSection(ProjectConfigurationPlatforms) = postSolution
		{FB966668-EA27-49B6-B59F-9FF1B86769A2}.Debug|Any CPU.ActiveCfg = Debug|Any CPU
		{FB966668-EA27-49B6-B59F-9FF1B86769A2}.Debug|Any CPU.Build.0 = Debug|Any CPU
		{FB966668-EA27-49B6-B59F-9FF1B86769A2}.Release|Any CPU.ActiveCfg = Release|Any CPU
		{FB966668-EA27-49B6-B59F-9FF1B86769A2}.Release|Any CPU.Build.0 = Release|Any CPU
	EndGlobalSection
	GlobalSection(SolutionProperties) = preSolution
		HideSolutionNode = FALSE
	EndGlobalSection
	GlobalSection(ExtensibilityGlobals) = postSolution
		SolutionGuid = {D0FD6CCD-EA91-42A9-96B7-FD3BA0B3BA34}
	EndGlobalSection
EndGlobal
